
Microsoft Visual Studio Solution File, Format Version 12.00
# Visual Studio Version 16
VisualStudioVersion = 16.0.29326.143
MinimumVisualStudioVersion = 10.0.40219.1
Project("{9A19103F-16F7-4668-BE54-9A1E7A4F7556}") = "Kephas.SharePoint.Core", "Kephas.SharePoint.Core\Kephas.SharePoint.Core.csproj", "{E1436418-3311-442E-997A-F483ED894691}"
EndProject
Project("{2150E333-8FDC-42A3-9474-1A3956D46DE8}") = "Deployment", "Deployment", "{D5BBB3B9-C953-44C9-8C40-032AD977AF1F}"
	ProjectSection(SolutionItems) = preProject
		Deployment\CreateNugetPackages.ps1 = Deployment\CreateNugetPackages.ps1
		Deployment\NuGet.exe = Deployment\NuGet.exe
		Deployment\PushNugetPackages.ps1 = Deployment\PushNugetPackages.ps1
	EndProjectSection
EndProject
Project("{2150E333-8FDC-42A3-9474-1A3956D46DE8}") = "Tests", "Tests", "{2950D260-42D8-4FA8-A014-A4F9E70EC00D}"
EndProject
Project("{9A19103F-16F7-4668-BE54-9A1E7A4F7556}") = "Kephas.SharePoint.Core.Tests", "Tests\Kephas.SharePoint.Core.Tests\Kephas.SharePoint.Core.Tests.csproj", "{0A9B233D-EF0C-45A7-B5FF-D0137730B661}"
EndProject
Project("{FAE04EC0-301F-11D3-BF4B-00C04F79EFBC}") = "Kephas.SharePoint.Data", "Kephas.SharePoint.Data\Kephas.SharePoint.Data.csproj", "{CA9C0B37-91A8-421F-9D47-CAC4B9A6FF92}"
EndProject
Project("{FAE04EC0-301F-11D3-BF4B-00C04F79EFBC}") = "Kephas.SharePoint.Data.Tests", "Tests\Kephas.SharePoint.Data.Tests\Kephas.SharePoint.Data.Tests.csproj", "{B6654AF9-434B-4EAD-9768-EB0922E32C5D}"
EndProject
Project("{FAE04EC0-301F-11D3-BF4B-00C04F79EFBC}") = "Kephas.SharePoint.Documents", "Kephas.SharePoint.Documents\Kephas.SharePoint.Documents.csproj", "{276A0B32-DCD1-4940-82FA-8C13ED86ECE3}"
EndProject
Global
	GlobalSection(SolutionConfigurationPlatforms) = preSolution
		Debug|Any CPU = Debug|Any CPU
		Release|Any CPU = Release|Any CPU
	EndGlobalSection
	GlobalSection(ProjectConfigurationPlatforms) = postSolution
		{E1436418-3311-442E-997A-F483ED894691}.Debug|Any CPU.ActiveCfg = Debug|Any CPU
		{E1436418-3311-442E-997A-F483ED894691}.Debug|Any CPU.Build.0 = Debug|Any CPU
		{E1436418-3311-442E-997A-F483ED894691}.Release|Any CPU.ActiveCfg = Release|Any CPU
		{E1436418-3311-442E-997A-F483ED894691}.Release|Any CPU.Build.0 = Release|Any CPU
		{0A9B233D-EF0C-45A7-B5FF-D0137730B661}.Debug|Any CPU.ActiveCfg = Debug|Any CPU
		{0A9B233D-EF0C-45A7-B5FF-D0137730B661}.Debug|Any CPU.Build.0 = Debug|Any CPU
		{0A9B233D-EF0C-45A7-B5FF-D0137730B661}.Release|Any CPU.ActiveCfg = Release|Any CPU
		{0A9B233D-EF0C-45A7-B5FF-D0137730B661}.Release|Any CPU.Build.0 = Release|Any CPU
		{CA9C0B37-91A8-421F-9D47-CAC4B9A6FF92}.Debug|Any CPU.ActiveCfg = Debug|Any CPU
		{CA9C0B37-91A8-421F-9D47-CAC4B9A6FF92}.Debug|Any CPU.Build.0 = Debug|Any CPU
		{CA9C0B37-91A8-421F-9D47-CAC4B9A6FF92}.Release|Any CPU.ActiveCfg = Release|Any CPU
		{CA9C0B37-91A8-421F-9D47-CAC4B9A6FF92}.Release|Any CPU.Build.0 = Release|Any CPU
		{B6654AF9-434B-4EAD-9768-EB0922E32C5D}.Debug|Any CPU.ActiveCfg = Debug|Any CPU
		{B6654AF9-434B-4EAD-9768-EB0922E32C5D}.Debug|Any CPU.Build.0 = Debug|Any CPU
		{B6654AF9-434B-4EAD-9768-EB0922E32C5D}.Release|Any CPU.ActiveCfg = Release|Any CPU
		{B6654AF9-434B-4EAD-9768-EB0922E32C5D}.Release|Any CPU.Build.0 = Release|Any CPU
		{276A0B32-DCD1-4940-82FA-8C13ED86ECE3}.Debug|Any CPU.ActiveCfg = Debug|Any CPU
		{276A0B32-DCD1-4940-82FA-8C13ED86ECE3}.Debug|Any CPU.Build.0 = Debug|Any CPU
		{276A0B32-DCD1-4940-82FA-8C13ED86ECE3}.Release|Any CPU.ActiveCfg = Release|Any CPU
		{276A0B32-DCD1-4940-82FA-8C13ED86ECE3}.Release|Any CPU.Build.0 = Release|Any CPU
	EndGlobalSection
	GlobalSection(SolutionProperties) = preSolution
		HideSolutionNode = FALSE
	EndGlobalSection
	GlobalSection(NestedProjects) = preSolution
		{0A9B233D-EF0C-45A7-B5FF-D0137730B661} = {2950D260-42D8-4FA8-A014-A4F9E70EC00D}
		{B6654AF9-434B-4EAD-9768-EB0922E32C5D} = {2950D260-42D8-4FA8-A014-A4F9E70EC00D}
	EndGlobalSection
	GlobalSection(ExtensibilityGlobals) = postSolution
		SolutionGuid = {A3A9F03B-FD99-4414-BB5B-300CD2238080}
	EndGlobalSection
EndGlobal
